
Microsoft Visual Studio Solution File, Format Version 12.00
# Visual Studio Version 17
VisualStudioVersion = 17.3.32922.545
MinimumVisualStudioVersion = 10.0.40219.1
Project("{9A19103F-16F7-4668-BE54-9A1E7A4F7556}") = "GKSleepMod", "GKSleepMod\GKSleepMod.csproj", "{A78744D7-3838-4FBD-97B8-D2A059321F52}"
EndProject
Project("{9A19103F-16F7-4668-BE54-9A1E7A4F7556}") = "IncreaseInventory", "IncreaseInventory\IncreaseInventory.csproj", "{8ECE4FE5-33DD-4488-9DDF-6B3434068CA0}"
EndProject
Project("{9A19103F-16F7-4668-BE54-9A1E7A4F7556}") = "NoTeleportCooldown", "NoTeleportCooldown\NoTeleportCooldown.csproj", "{82C17623-4BC7-4EE3-AD48-0832293F8247}"
EndProject
Project("{9A19103F-16F7-4668-BE54-9A1E7A4F7556}") = "ZombiePlus", "ZombiePlus\ZombiePlus.csproj", "{224C5B02-D054-4855-A971-6687F653A4F0}"
EndProject
Project("{9A19103F-16F7-4668-BE54-9A1E7A4F7556}") = "ItemDescriptionElement", "ItemDescriptionElement\ItemDescriptionElement.csproj", "{860BD022-FED2-434C-8D87-E5D859ADFC44}"
EndProject
Global
	GlobalSection(SolutionConfigurationPlatforms) = preSolution
		Debug|Any CPU = Debug|Any CPU
		Release|Any CPU = Release|Any CPU
	EndGlobalSection
	GlobalSection(ProjectConfigurationPlatforms) = postSolution
		{A78744D7-3838-4FBD-97B8-D2A059321F52}.Debug|Any CPU.ActiveCfg = Debug|Any CPU
		{A78744D7-3838-4FBD-97B8-D2A059321F52}.Debug|Any CPU.Build.0 = Debug|Any CPU
		{A78744D7-3838-4FBD-97B8-D2A059321F52}.Release|Any CPU.ActiveCfg = Release|Any CPU
		{A78744D7-3838-4FBD-97B8-D2A059321F52}.Release|Any CPU.Build.0 = Release|Any CPU
		{8ECE4FE5-33DD-4488-9DDF-6B3434068CA0}.Debug|Any CPU.ActiveCfg = Debug|Any CPU
		{8ECE4FE5-33DD-4488-9DDF-6B3434068CA0}.Debug|Any CPU.Build.0 = Debug|Any CPU
		{8ECE4FE5-33DD-4488-9DDF-6B3434068CA0}.Release|Any CPU.ActiveCfg = Release|Any CPU
		{8ECE4FE5-33DD-4488-9DDF-6B3434068CA0}.Release|Any CPU.Build.0 = Release|Any CPU
		{82C17623-4BC7-4EE3-AD48-0832293F8247}.Debug|Any CPU.ActiveCfg = Debug|Any CPU
		{82C17623-4BC7-4EE3-AD48-0832293F8247}.Debug|Any CPU.Build.0 = Debug|Any CPU
		{82C17623-4BC7-4EE3-AD48-0832293F8247}.Release|Any CPU.ActiveCfg = Release|Any CPU
		{82C17623-4BC7-4EE3-AD48-0832293F8247}.Release|Any CPU.Build.0 = Release|Any CPU
		{224C5B02-D054-4855-A971-6687F653A4F0}.Debug|Any CPU.ActiveCfg = Debug|Any CPU
		{224C5B02-D054-4855-A971-6687F653A4F0}.Debug|Any CPU.Build.0 = Debug|Any CPU
		{224C5B02-D054-4855-A971-6687F653A4F0}.Release|Any CPU.ActiveCfg = Release|Any CPU
		{224C5B02-D054-4855-A971-6687F653A4F0}.Release|Any CPU.Build.0 = Release|Any CPU
		{860BD022-FED2-434C-8D87-E5D859ADFC44}.Debug|Any CPU.ActiveCfg = Debug|Any CPU
		{860BD022-FED2-434C-8D87-E5D859ADFC44}.Debug|Any CPU.Build.0 = Debug|Any CPU
		{860BD022-FED2-434C-8D87-E5D859ADFC44}.Release|Any CPU.ActiveCfg = Release|Any CPU
		{860BD022-FED2-434C-8D87-E5D859ADFC44}.Release|Any CPU.Build.0 = Release|Any CPU
	EndGlobalSection
	GlobalSection(SolutionProperties) = preSolution
		HideSolutionNode = FALSE
	EndGlobalSection
	GlobalSection(ExtensibilityGlobals) = postSolution
		SolutionGuid = {F81240F3-2DCD-43A2-A507-1859F335F3F3}
	EndGlobalSection
EndGlobal
